PODS:
  - AAViewAnimator (1.1)
  - Alamofire (4.8.2)
  - DropDown (2.3.13)
  - IQKeyboardManagerSwift (6.5.1)
  - LinearProgressBar (1.0.1)
  - MarqueeLabel (4.0.0)
  - NotificationBannerSwift (2.3.0):
    - MarqueeLabel (~> 4.0.0)
    - SnapKit (~> 5.0.0)
  - NVActivityIndicatorView (4.7.0):
    - NVActivityIndicatorView/Presenter (= 4.7.0)
  - NVActivityIndicatorView/Presenter (4.7.0)
  - Realm (3.17.0):
    - Realm/Headers (= 3.17.0)
  - Realm/Headers (3.17.0)
  - RealmSwift (3.17.0):
    - Realm (= 3.17.0)
  - SDWebImage (5.0.6):
    - SDWebImage/Core (= 5.0.6)
  - SDWebImage/Core (5.0.6)
  - SnapKit (5.0.0)
  - SwiftyJSON (5.0.0)
  - WSTagsField (5.2.0)

DEPENDENCIES:
  - AAViewAnimator
  - Alamofire
  - DropDown
  - IQKeyboardManagerSwift
  - LinearProgressBar
  - NotificationBannerSwift
  - NVActivityIndicatorView
  - RealmSwift
  - SDWebImage
  - SwiftyJSON
  - WSTagsField

SPEC REPOS:
  trunk:
    - AAViewAnimator
    - Alamofire
    - DropDown
    - IQKeyboardManagerSwift
    - LinearProgressBar
    - MarqueeLabel
    - NotificationBannerSwift
    - NVActivityIndicatorView
    - Realm
    - RealmSwift
    - SDWebImage
    - SnapKit
    - SwiftyJSON
    - WSTagsField

SPEC CHECKSUMS:
  AAViewAnimator: 3cbd05e73ebda910231f966f8043ba96e674eee5
  Alamofire: ae5c501addb7afdbb13687d7f2f722c78734c2d3
  DropDown: 8a2116376c1981888557f72ec2ffc9a5e0e456ec
  IQKeyboardManagerSwift: 9ac7524fad9f9fe9a3b98c927e7772471ca546d2
  LinearProgressBar: f6a74dbabed229dbb1a7978089e2e4317a3a0ee0
  MarqueeLabel: b55b26e690b6ad41faedd95cbf5eae6f1d1735b4
  NotificationBannerSwift: fdc44b934be7a8175f7a7170a75a11c672990e70
  NVActivityIndicatorView: b19ddab2576f805cbe0fb2306cba3476e09a1dea
  Realm: b30db41ff34fc858ffc25ba8d44a82c164e7ccd0
  RealmSwift: fe733e459d60dc7b6971d4cbee2eb4854097d12c
  SDWebImage: 920f1a2ff1ca8296ad34f6e0510a1ef1d70ac965
  SnapKit: fd22d10eb9aff484d79a8724eab922c1ddf89bcf
  SwiftyJSON: 36413e04c44ee145039d332b4f4e2d3e8d6c4db7
  WSTagsField: d57a287fd552934db1d93a85d38abbf74b067d6a

PODFILE CHECKSUM: 68560f156c89ed0a354ef526cdedcbb907845695

COCOAPODS: 1.8.4
