// !$*UTF8*$!
{
	archiveVersion = 1;
	classes = {
	};
	objectVersion = 50;
	objects = {

/* Begin PBXBuildFile section */
		08BAEFBAE8E0FAC492DCB947 /* Pods_BluebloodsUITests.framework in Frameworks */ = {isa = PBXBuildFile; fileRef = 9E5CEC2C6FBC5C0FBD61F8FC /* Pods_BluebloodsUITests.framework */; };
		3A1B1E2722F83F8200A63F50 /* ColourManager.swift in Sources */ = {isa = PBXBuildFile; fileRef = 3A1B1E2622F83F8200A63F50 /* ColourManager.swift */; };
		3A2C8BA8230289EC00CD5911 /* DashbordPointsCell.swift in Sources */ = {isa = PBXBuildFile; fileRef = 3A2C8BA7230289EC00CD5911 /* DashbordPointsCell.swift */; };
		3A2C8BB22302C6BD00CD5911 /* CircularStd-Black.otf in Resources */ = {isa = PBXBuildFile; fileRef = 3A2C8BAB2302C6A600CD5911 /* CircularStd-Black.otf */; };
		3A2C8BB32302C74800CD5911 /* CircularStd-BlackItalic.otf in Resources */ = {isa = PBXBuildFile; fileRef = 3A2C8BAA2302C6A600CD5911 /* CircularStd-BlackItalic.otf */; };
		3A2C8BB42302C74B00CD5911 /* CircularStd-Bold.otf in Resources */ = {isa = PBXBuildFile; fileRef = 3A2C8BB02302C6A600CD5911 /* CircularStd-Bold.otf */; };
		3A2C8BB52302C74E00CD5911 /* CircularStd-BoldItalic.otf in Resources */ = {isa = PBXBuildFile; fileRef = 3A2C8BAE2302C6A600CD5911 /* CircularStd-BoldItalic.otf */; };
		3A2C8BB62302C75100CD5911 /* CircularStd-Book.otf in Resources */ = {isa = PBXBuildFile; fileRef = 3A2C8BB12302C6A600CD5911 /* CircularStd-Book.otf */; };
		3A2C8BB72302C75300CD5911 /* CircularStd-BookItalic.otf in Resources */ = {isa = PBXBuildFile; fileRef = 3A2C8BAC2302C6A600CD5911 /* CircularStd-BookItalic.otf */; };
		3A2C8BB82302C75600CD5911 /* CircularStd-Medium.otf in Resources */ = {isa = PBXBuildFile; fileRef = 3A2C8BAD2302C6A600CD5911 /* CircularStd-Medium.otf */; };
		3A2C8BB92302C75800CD5911 /* CircularStd-MediumItalic.otf in Resources */ = {isa = PBXBuildFile; fileRef = 3A2C8BAF2302C6A600CD5911 /* CircularStd-MediumItalic.otf */; };
		3A2C8BBB2302CC0D00CD5911 /* DashbordBonuASPCell.swift in Sources */ = {isa = PBXBuildFile; fileRef = 3A2C8BBA2302CC0D00CD5911 /* DashbordBonuASPCell.swift */; };
		3A45013122FD350900F07927 /* LeaderBordStoreCell.swift in Sources */ = {isa = PBXBuildFile; fileRef = 3A45013022FD350900F07927 /* LeaderBordStoreCell.swift */; };
		3A45013322FD3ED600F07927 /* LeaderBordIndividualCell.swift in Sources */ = {isa = PBXBuildFile; fileRef = 3A45013222FD3ED600F07927 /* LeaderBordIndividualCell.swift */; };
		3A45013622FD48B000F07927 /* AuthenticationViewController.swift in Sources */ = {isa = PBXBuildFile; fileRef = 3A45013422FD48B000F07927 /* AuthenticationViewController.swift */; };
		3A78683222F95C1200F0DC75 /* WebKit.framework in Frameworks */ = {isa = PBXBuildFile; fileRef = 3A78683122F95C1200F0DC75 /* WebKit.framework */; };
		3AB57BA92313A4AC00879421 /* UserLoginViewControler.swift in Sources */ = {isa = PBXBuildFile; fileRef = 3AB57BA82313A4AC00879421 /* UserLoginViewControler.swift */; };
		3AB57BAB2313B10B00879421 /* URLConstants.swift in Sources */ = {isa = PBXBuildFile; fileRef = 3AB57BAA2313B10B00879421 /* URLConstants.swift */; };
		3AB57BAE2313B2BC00879421 /* RestClient.swift in Sources */ = {isa = PBXBuildFile; fileRef = 3AB57BAD2313B2BC00879421 /* RestClient.swift */; };
		3AB57BB02313B30A00879421 /* ResponseSwift.swift in Sources */ = {isa = PBXBuildFile; fileRef = 3AB57BAF2313B30A00879421 /* ResponseSwift.swift */; };
		3AE806C222F414FE0000921F /* AppDelegate.swift in Sources */ = {isa = PBXBuildFile; fileRef = 3AE806C122F414FE0000921F /* AppDelegate.swift */; };
		3AE806C422F414FE0000921F /* FirstViewController.swift in Sources */ = {isa = PBXBuildFile; fileRef = 3AE806C322F414FE0000921F /* FirstViewController.swift */; };
		3AE806C622F414FE0000921F /* InfoViewControler.swift in Sources */ = {isa = PBXBuildFile; fileRef = 3AE806C522F414FE0000921F /* InfoViewControler.swift */; };
		3AE806C922F414FE0000921F /* Main.storyboard in Resources */ = {isa = PBXBuildFile; fileRef = 3AE806C722F414FE0000921F /* Main.storyboard */; };
		3AE806CB22F415000000921F /* Assets.xcassets in Resources */ = {isa = PBXBuildFile; fileRef = 3AE806CA22F415000000921F /* Assets.xcassets */; };
		3AE806CE22F415000000921F /* LaunchScreen.storyboard in Resources */ = {isa = PBXBuildFile; fileRef = 3AE806CC22F415000000921F /* LaunchScreen.storyboard */; };
		3AE806D922F415000000921F /* BluebloodsTests.swift in Sources */ = {isa = PBXBuildFile; fileRef = 3AE806D822F415000000921F /* BluebloodsTests.swift */; };
		3AE806E422F415000000921F /* BluebloodsUITests.swift in Sources */ = {isa = PBXBuildFile; fileRef = 3AE806E322F415000000921F /* BluebloodsUITests.swift */; };
		3AE806F322F426FD0000921F /* Switcher.swift in Sources */ = {isa = PBXBuildFile; fileRef = 3AE806F222F426FD0000921F /* Switcher.swift */; };
		3AE806F522F429020000921F /* AppNavigator.swift in Sources */ = {isa = PBXBuildFile; fileRef = 3AE806F422F429020000921F /* AppNavigator.swift */; };
		3AE806F722F429C80000921F /* UserNavigator.swift in Sources */ = {isa = PBXBuildFile; fileRef = 3AE806F622F429C80000921F /* UserNavigator.swift */; };
		3AEE2B8A22FA9EBC00C2E8D0 /* ContactUs.swift in Sources */ = {isa = PBXBuildFile; fileRef = 3AEE2B8922FA9EBC00C2E8D0 /* ContactUs.swift */; };
		3AEE2B8C22FAD2D500C2E8D0 /* LeaderBoard.swift in Sources */ = {isa = PBXBuildFile; fileRef = 3AEE2B8B22FAD2D500C2E8D0 /* LeaderBoard.swift */; };
		5B8127E7B7F21361FD65625D /* Pods_BluebloodsTests.framework in Frameworks */ = {isa = PBXBuildFile; fileRef = BF02AFDF0616B0E524B12F0D /* Pods_BluebloodsTests.framework */; };
		659938FDF1FC4D279FB1BFF3 /* Pods_Bluebloods.framework in Frameworks */ = {isa = PBXBuildFile; fileRef = E30AF6F1D602F23AA9C324ED /* Pods_Bluebloods.framework */; };
/* End PBXBuildFile section */

/* Begin PBXContainerItemProxy section */
		3AE806D522F415000000921F /* PBXContainerItemProxy */ = {
			isa = PBXContainerItemProxy;
			containerPortal = 3AE806B622F414FE0000921F /* Project object */;
			proxyType = 1;
			remoteGlobalIDString = 3AE806BD22F414FE0000921F;
			remoteInfo = Bluebloods;
		};
		3AE806E022F415000000921F /* PBXContainerItemProxy */ = {
			isa = PBXContainerItemProxy;
			containerPortal = 3AE806B622F414FE0000921F /* Project object */;
			proxyType = 1;
			remoteGlobalIDString = 3AE806BD22F414FE0000921F;
			remoteInfo = Bluebloods;
		};
/* End PBXContainerItemProxy section */

/* Begin PBXFileReference section */
		058BEF29D77A0161593D8BBE /* Pods-Bluebloods.debug.xcconfig */ = {isa = PBXFileReference; includeInIndex = 1; lastKnownFileType = text.xcconfig; name = "Pods-Bluebloods.debug.xcconfig"; path = "Target Support Files/Pods-Bluebloods/Pods-Bluebloods.debug.xcconfig"; sourceTree = "<group>"; };
		1185BA0613B5F397E2440457 /* Pods-BluebloodsUITests.release.xcconfig */ = {isa = PBXFileReference; includeInIndex = 1; lastKnownFileType = text.xcconfig; name = "Pods-BluebloodsUITests.release.xcconfig"; path = "Target Support Files/Pods-BluebloodsUITests/Pods-BluebloodsUITests.release.xcconfig"; sourceTree = "<group>"; };
		38F478B61721D2F58D416BA6 /* Pods-BluebloodsTests.release.xcconfig */ = {isa = PBXFileReference; includeInIndex = 1; lastKnownFileType = text.xcconfig; name = "Pods-BluebloodsTests.release.xcconfig"; path = "Target Support Files/Pods-BluebloodsTests/Pods-BluebloodsTests.release.xcconfig"; sourceTree = "<group>"; };
		3A1B1E2622F83F8200A63F50 /* ColourManager.swift */ = {isa = PBXFileReference; lastKnownFileType = sourcecode.swift; path = ColourManager.swift; sourceTree = "<group>"; };
		3A2C8BA7230289EC00CD5911 /* DashbordPointsCell.swift */ = {isa = PBXFileReference; lastKnownFileType = sourcecode.swift; path = DashbordPointsCell.swift; sourceTree = "<group>"; };
		3A2C8BAA2302C6A600CD5911 /* CircularStd-BlackItalic.otf */ = {isa = PBXFileReference; lastKnownFileType = file; path = "CircularStd-BlackItalic.otf"; sourceTree = "<group>"; };
		3A2C8BAB2302C6A600CD5911 /* CircularStd-Black.otf */ = {isa = PBXFileReference; lastKnownFileType = file; path = "CircularStd-Black.otf"; sourceTree = "<group>"; };
		3A2C8BAC2302C6A600CD5911 /* CircularStd-BookItalic.otf */ = {isa = PBXFileReference; lastKnownFileType = file; path = "CircularStd-BookItalic.otf"; sourceTree = "<group>"; };
		3A2C8BAD2302C6A600CD5911 /* CircularStd-Medium.otf */ = {isa = PBXFileReference; lastKnownFileType = file; path = "CircularStd-Medium.otf"; sourceTree = "<group>"; };
		3A2C8BAE2302C6A600CD5911 /* CircularStd-BoldItalic.otf */ = {isa = PBXFileReference; lastKnownFileType = file; path = "CircularStd-BoldItalic.otf"; sourceTree = "<group>"; };
		3A2C8BAF2302C6A600CD5911 /* CircularStd-MediumItalic.otf */ = {isa = PBXFileReference; lastKnownFileType = file; path = "CircularStd-MediumItalic.otf"; sourceTree = "<group>"; };
		3A2C8BB02302C6A600CD5911 /* CircularStd-Bold.otf */ = {isa = PBXFileReference; lastKnownFileType = file; path = "CircularStd-Bold.otf"; sourceTree = "<group>"; };
		3A2C8BB12302C6A600CD5911 /* CircularStd-Book.otf */ = {isa = PBXFileReference; lastKnownFileType = file; path = "CircularStd-Book.otf"; sourceTree = "<group>"; };
		3A2C8BBA2302CC0D00CD5911 /* DashbordBonuASPCell.swift */ = {isa = PBXFileReference; lastKnownFileType = sourcecode.swift; path = DashbordBonuASPCell.swift; sourceTree = "<group>"; };
		3A45013022FD350900F07927 /* LeaderBordStoreCell.swift */ = {isa = PBXFileReference; lastKnownFileType = sourcecode.swift; path = LeaderBordStoreCell.swift; sourceTree = "<group>"; };
		3A45013222FD3ED600F07927 /* LeaderBordIndividualCell.swift */ = {isa = PBXFileReference; lastKnownFileType = sourcecode.swift; path = LeaderBordIndividualCell.swift; sourceTree = "<group>"; };
		3A45013422FD48B000F07927 /* AuthenticationViewController.swift */ = {isa = PBXFileReference; lastKnownFileType = sourcecode.swift; path = AuthenticationViewController.swift; sourceTree = "<group>"; };
		3A78683122F95C1200F0DC75 /* WebKit.framework */ = {isa = PBXFileReference; lastKnownFileType = wrapper.framework; name = WebKit.framework; path = System/Library/Frameworks/WebKit.framework; sourceTree = SDKROOT; };
		3AB57BA82313A4AC00879421 /* UserLoginViewControler.swift */ = {isa = PBXFileReference; lastKnownFileType = sourcecode.swift; path = UserLoginViewControler.swift; sourceTree = "<group>"; };
		3AB57BAA2313B10B00879421 /* URLConstants.swift */ = {isa = PBXFileReference; lastKnownFileType = sourcecode.swift; path = URLConstants.swift; sourceTree = "<group>"; };
		3AB57BAD2313B2BC00879421 /* RestClient.swift */ = {isa = PBXFileReference; lastKnownFileType = sourcecode.swift; path = RestClient.swift; sourceTree = "<group>"; };
		3AB57BAF2313B30A00879421 /* ResponseSwift.swift */ = {isa = PBXFileReference; lastKnownFileType = sourcecode.swift; path = ResponseSwift.swift; sourceTree = "<group>"; };
		3AE806BE22F414FE0000921F /* Bluebloods.app */ = {isa = PBXFileReference; explicitFileType = wrapper.application; includeInIndex = 0; path = Bluebloods.app; sourceTree = BUILT_PRODUCTS_DIR; };
		3AE806C122F414FE0000921F /* AppDelegate.swift */ = {isa = PBXFileReference; lastKnownFileType = sourcecode.swift; path = AppDelegate.swift; sourceTree = "<group>"; };
		3AE806C322F414FE0000921F /* FirstViewController.swift */ = {isa = PBXFileReference; lastKnownFileType = sourcecode.swift; path = FirstViewController.swift; sourceTree = "<group>"; };
		3AE806C522F414FE0000921F /* InfoViewControler.swift */ = {isa = PBXFileReference; lastKnownFileType = sourcecode.swift; path = InfoViewControler.swift; sourceTree = "<group>"; };
		3AE806C822F414FE0000921F /* Base */ = {isa = PBXFileReference; lastKnownFileType = file.storyboard; name = Base; path = Base.lproj/Main.storyboard; sourceTree = "<group>"; };
		3AE806CA22F415000000921F /* Assets.xcassets */ = {isa = PBXFileReference; lastKnownFileType = folder.assetcatalog; path = Assets.xcassets; sourceTree = "<group>"; };
		3AE806CD22F415000000921F /* Base */ = {isa = PBXFileReference; lastKnownFileType = file.storyboard; name = Base; path = Base.lproj/LaunchScreen.storyboard; sourceTree = "<group>"; };
		3AE806CF22F415000000921F /* Info.plist */ = {isa = PBXFileReference; lastKnownFileType = text.plist.xml; path = Info.plist; sourceTree = "<group>"; };
		3AE806D422F415000000921F /* BluebloodsTests.xctest */ = {isa = PBXFileReference; explicitFileType = wrapper.cfbundle; includeInIndex = 0; path = BluebloodsTests.xctest; sourceTree = BUILT_PRODUCTS_DIR; };
		3AE806D822F415000000921F /* BluebloodsTests.swift */ = {isa = PBXFileReference; lastKnownFileType = sourcecode.swift; path = BluebloodsTests.swift; sourceTree = "<group>"; };
		3AE806DA22F415000000921F /* Info.plist */ = {isa = PBXFileReference; lastKnownFileType = text.plist.xml; path = Info.plist; sourceTree = "<group>"; };
		3AE806DF22F415000000921F /* BluebloodsUITests.xctest */ = {isa = PBXFileReference; explicitFileType = wrapper.cfbundle; includeInIndex = 0; path = BluebloodsUITests.xctest; sourceTree = BUILT_PRODUCTS_DIR; };
		3AE806E322F415000000921F /* BluebloodsUITests.swift */ = {isa = PBXFileReference; lastKnownFileType = sourcecode.swift; path = BluebloodsUITests.swift; sourceTree = "<group>"; };
		3AE806E522F415000000921F /* Info.plist */ = {isa = PBXFileReference; lastKnownFileType = text.plist.xml; path = Info.plist; sourceTree = "<group>"; };
		3AE806F222F426FD0000921F /* Switcher.swift */ = {isa = PBXFileReference; lastKnownFileType = sourcecode.swift; path = Switcher.swift; sourceTree = "<group>"; };
		3AE806F422F429020000921F /* AppNavigator.swift */ = {isa = PBXFileReference; lastKnownFileType = sourcecode.swift; path = AppNavigator.swift; sourceTree = "<group>"; };
		3AE806F622F429C80000921F /* UserNavigator.swift */ = {isa = PBXFileReference; lastKnownFileType = sourcecode.swift; path = UserNavigator.swift; sourceTree = "<group>"; };
		3AEE2B8922FA9EBC00C2E8D0 /* ContactUs.swift */ = {isa = PBXFileReference; lastKnownFileType = sourcecode.swift; path = ContactUs.swift; sourceTree = "<group>"; };
		3AEE2B8B22FAD2D500C2E8D0 /* LeaderBoard.swift */ = {isa = PBXFileReference; lastKnownFileType = sourcecode.swift; path = LeaderBoard.swift; sourceTree = "<group>"; };
		6127B0B69F00C5C9D04CE5D3 /* Pods-BluebloodsUITests.debug.xcconfig */ = {isa = PBXFileReference; includeInIndex = 1; lastKnownFileType = text.xcconfig; name = "Pods-BluebloodsUITests.debug.xcconfig"; path = "Target Support Files/Pods-BluebloodsUITests/Pods-BluebloodsUITests.debug.xcconfig"; sourceTree = "<group>"; };
		9E5CEC2C6FBC5C0FBD61F8FC /* Pods_BluebloodsUITests.framework */ = {isa = PBXFileReference; explicitFileType = wrapper.framework; includeInIndex = 0; path = Pods_BluebloodsUITests.framework; sourceTree = BUILT_PRODUCTS_DIR; };
		A3A9DE4B3C1B6EABC462EFE9 /* Pods-BluebloodsTests.debug.xcconfig */ = {isa = PBXFileReference; includeInIndex = 1; lastKnownFileType = text.xcconfig; name = "Pods-BluebloodsTests.debug.xcconfig"; path = "Target Support Files/Pods-BluebloodsTests/Pods-BluebloodsTests.debug.xcconfig"; sourceTree = "<group>"; };
		BF02AFDF0616B0E524B12F0D /* Pods_BluebloodsTests.framework */ = {isa = PBXFileReference; explicitFileType = wrapper.framework; includeInIndex = 0; path = Pods_BluebloodsTests.framework; sourceTree = BUILT_PRODUCTS_DIR; };
		D28B9E91F001D2C0194F5D70 /* Pods-Bluebloods.release.xcconfig */ = {isa = PBXFileReference; includeInIndex = 1; lastKnownFileType = text.xcconfig; name = "Pods-Bluebloods.release.xcconfig"; path = "Target Support Files/Pods-Bluebloods/Pods-Bluebloods.release.xcconfig"; sourceTree = "<group>"; };
		E30AF6F1D602F23AA9C324ED /* Pods_Bluebloods.framework */ = {isa = PBXFileReference; explicitFileType = wrapper.framework; includeInIndex = 0; path = Pods_Bluebloods.framework; sourceTree = BUILT_PRODUCTS_DIR; };
/* End PBXFileReference section */

/* Begin PBXFrameworksBuildPhase section */
		3AE806BB22F414FE0000921F /* Frameworks */ = {
			isa = PBXFrameworksBuildPhase;
			buildActionMask = 2147483647;
			files = (
				3A78683222F95C1200F0DC75 /* WebKit.framework in Frameworks */,
				659938FDF1FC4D279FB1BFF3 /* Pods_Bluebloods.framework in Frameworks */,
			);
			runOnlyForDeploymentPostprocessing = 0;
		};
		3AE806D122F415000000921F /* Frameworks */ = {
			isa = PBXFrameworksBuildPhase;
			buildActionMask = 2147483647;
			files = (
				5B8127E7B7F21361FD65625D /* Pods_BluebloodsTests.framework in Frameworks */,
			);
			runOnlyForDeploymentPostprocessing = 0;
		};
		3AE806DC22F415000000921F /* Frameworks */ = {
			isa = PBXFrameworksBuildPhase;
			buildActionMask = 2147483647;
			files = (
				08BAEFBAE8E0FAC492DCB947 /* Pods_BluebloodsUITests.framework in Frameworks */,
			);
			runOnlyForDeploymentPostprocessing = 0;
		};
/* End PBXFrameworksBuildPhase section */

/* Begin PBXGroup section */
		1758BA57A54EDE7FD47FF24D /* Pods */ = {
			isa = PBXGroup;
			children = (
				058BEF29D77A0161593D8BBE /* Pods-Bluebloods.debug.xcconfig */,
				D28B9E91F001D2C0194F5D70 /* Pods-Bluebloods.release.xcconfig */,
				A3A9DE4B3C1B6EABC462EFE9 /* Pods-BluebloodsTests.debug.xcconfig */,
				38F478B61721D2F58D416BA6 /* Pods-BluebloodsTests.release.xcconfig */,
				6127B0B69F00C5C9D04CE5D3 /* Pods-BluebloodsUITests.debug.xcconfig */,
				1185BA0613B5F397E2440457 /* Pods-BluebloodsUITests.release.xcconfig */,
			);
			path = Pods;
			sourceTree = "<group>";
		};
		3A1B1E2422F83BB100A63F50 /* Model */ = {
			isa = PBXGroup;
			children = (
				3AB57BAC2313B29B00879421 /* Alamofire */,
				3A1B1E2622F83F8200A63F50 /* ColourManager.swift */,
			);
			path = Model;
			sourceTree = "<group>";
		};
		3A1B1E2522F83BBD00A63F50 /* Controller */ = {
			isa = PBXGroup;
			children = (
			);
			path = Controller;
			sourceTree = "<group>";
		};
		3A2C8BA92302C69100CD5911 /* Fonts */ = {
			isa = PBXGroup;
			children = (
				3A2C8BAB2302C6A600CD5911 /* CircularStd-Black.otf */,
				3A2C8BAA2302C6A600CD5911 /* CircularStd-BlackItalic.otf */,
				3A2C8BB02302C6A600CD5911 /* CircularStd-Bold.otf */,
				3A2C8BAE2302C6A600CD5911 /* CircularStd-BoldItalic.otf */,
				3A2C8BB12302C6A600CD5911 /* CircularStd-Book.otf */,
				3A2C8BAC2302C6A600CD5911 /* CircularStd-BookItalic.otf */,
				3A2C8BAD2302C6A600CD5911 /* CircularStd-Medium.otf */,
				3A2C8BAF2302C6A600CD5911 /* CircularStd-MediumItalic.otf */,
			);
			path = Fonts;
			sourceTree = "<group>";
		};
		3A45012F22FD345600F07927 /* Cell */ = {
			isa = PBXGroup;
			children = (
				3A45013022FD350900F07927 /* LeaderBordStoreCell.swift */,
				3A45013222FD3ED600F07927 /* LeaderBordIndividualCell.swift */,
				3A2C8BA7230289EC00CD5911 /* DashbordPointsCell.swift */,
				3A2C8BBA2302CC0D00CD5911 /* DashbordBonuASPCell.swift */,
			);
			path = Cell;
			sourceTree = "<group>";
		};
		3AB57BAC2313B29B00879421 /* Alamofire */ = {
			isa = PBXGroup;
			children = (
				3AB57BAD2313B2BC00879421 /* RestClient.swift */,
				3AB57BAF2313B30A00879421 /* ResponseSwift.swift */,
			);
			path = Alamofire;
			sourceTree = "<group>";
		};
		3AE806B522F414FE0000921F = {
			isa = PBXGroup;
			children = (
				3AE806C022F414FE0000921F /* Bluebloods */,
				3AE806D722F415000000921F /* BluebloodsTests */,
				3AE806E222F415000000921F /* BluebloodsUITests */,
				3AE806BF22F414FE0000921F /* Products */,
				1758BA57A54EDE7FD47FF24D /* Pods */,
				B519D515F2FCD9B05738AB29 /* Frameworks */,
			);
			sourceTree = "<group>";
		};
		3AE806BF22F414FE0000921F /* Products */ = {
			isa = PBXGroup;
			children = (
				3AE806BE22F414FE0000921F /* Bluebloods.app */,
				3AE806D422F415000000921F /* BluebloodsTests.xctest */,
				3AE806DF22F415000000921F /* BluebloodsUITests.xctest */,
			);
			name = Products;
			sourceTree = "<group>";
		};
		3AE806C022F414FE0000921F /* Bluebloods */ = {
			isa = PBXGroup;
			children = (
				3AEE2B8822FA9E7400C2E8D0 /* View */,
				3A1B1E2522F83BBD00A63F50 /* Controller */,
				3A1B1E2422F83BB100A63F50 /* Model */,
				3AE806F122F426C30000921F /* Healper */,
				3AE806C122F414FE0000921F /* AppDelegate.swift */,
				3AE806C322F414FE0000921F /* FirstViewController.swift */,
				3AE806C522F414FE0000921F /* InfoViewControler.swift */,
				3AE806C722F414FE0000921F /* Main.storyboard */,
				3AE806CA22F415000000921F /* Assets.xcassets */,
				3AE806CC22F415000000921F /* LaunchScreen.storyboard */,
				3AE806CF22F415000000921F /* Info.plist */,
			);
			path = Bluebloods;
			sourceTree = "<group>";
		};
		3AE806D722F415000000921F /* BluebloodsTests */ = {
			isa = PBXGroup;
			children = (
				3AE806D822F415000000921F /* BluebloodsTests.swift */,
				3AE806DA22F415000000921F /* Info.plist */,
			);
			path = BluebloodsTests;
			sourceTree = "<group>";
		};
		3AE806E222F415000000921F /* BluebloodsUITests */ = {
			isa = PBXGroup;
			children = (
				3AE806E322F415000000921F /* BluebloodsUITests.swift */,
				3AE806E522F415000000921F /* Info.plist */,
			);
			path = BluebloodsUITests;
			sourceTree = "<group>";
		};
		3AE806F122F426C30000921F /* Healper */ = {
			isa = PBXGroup;
			children = (
				3A2C8BA92302C69100CD5911 /* Fonts */,
				3AE806F222F426FD0000921F /* Switcher.swift */,
				3AE806F422F429020000921F /* AppNavigator.swift */,
				3AE806F622F429C80000921F /* UserNavigator.swift */,
				3AB57BAA2313B10B00879421 /* URLConstants.swift */,
			);
			path = Healper;
			sourceTree = "<group>";
		};
		3AEE2B8822FA9E7400C2E8D0 /* View */ = {
			isa = PBXGroup;
			children = (
				3A45012F22FD345600F07927 /* Cell */,
				3AEE2B8922FA9EBC00C2E8D0 /* ContactUs.swift */,
				3AEE2B8B22FAD2D500C2E8D0 /* LeaderBoard.swift */,
				3A45013422FD48B000F07927 /* AuthenticationViewController.swift */,
				3AB57BA82313A4AC00879421 /* UserLoginViewControler.swift */,
			);
			path = View;
			sourceTree = "<group>";
		};
		B519D515F2FCD9B05738AB29 /* Frameworks */ = {
			isa = PBXGroup;
			children = (
				3A78683122F95C1200F0DC75 /* WebKit.framework */,
				E30AF6F1D602F23AA9C324ED /* Pods_Bluebloods.framework */,
				BF02AFDF0616B0E524B12F0D /* Pods_BluebloodsTests.framework */,
				9E5CEC2C6FBC5C0FBD61F8FC /* Pods_BluebloodsUITests.framework */,
			);
			name = Frameworks;
			sourceTree = "<group>";
		};
/* End PBXGroup section */

/* Begin PBXNativeTarget section */
		3AE806BD22F414FE0000921F /* Bluebloods */ = {
			isa = PBXNativeTarget;
			buildConfigurationList = 3AE806E822F415000000921F /* Build configuration list for PBXNativeTarget "Bluebloods" */;
			buildPhases = (
				BC2C7F8B5E295F86988869C8 /* [CP] Check Pods Manifest.lock */,
				3AE806BA22F414FE0000921F /* Sources */,
				3AE806BB22F414FE0000921F /* Frameworks */,
				3AE806BC22F414FE0000921F /* Resources */,
				02C92CF469828D0A758FECDF /* [CP] Embed Pods Frameworks */,
			);
			buildRules = (
			);
			dependencies = (
			);
			name = Bluebloods;
			productName = Bluebloods;
			productReference = 3AE806BE22F414FE0000921F /* Bluebloods.app */;
			productType = "com.apple.product-type.application";
		};
		3AE806D322F415000000921F /* BluebloodsTests */ = {
			isa = PBXNativeTarget;
			buildConfigurationList = 3AE806EB22F415000000921F /* Build configuration list for PBXNativeTarget "BluebloodsTests" */;
			buildPhases = (
				A515B4CF5CA7D9F0FBFAFF6C /* [CP] Check Pods Manifest.lock */,
				3AE806D022F415000000921F /* Sources */,
				3AE806D122F415000000921F /* Frameworks */,
				3AE806D222F415000000921F /* Resources */,
			);
			buildRules = (
			);
			dependencies = (
				3AE806D622F415000000921F /* PBXTargetDependency */,
			);
			name = BluebloodsTests;
			productName = BluebloodsTests;
			productReference = 3AE806D422F415000000921F /* BluebloodsTests.xctest */;
			productType = "com.apple.product-type.bundle.unit-test";
		};
		3AE806DE22F415000000921F /* BluebloodsUITests */ = {
			isa = PBXNativeTarget;
			buildConfigurationList = 3AE806EE22F415000000921F /* Build configuration list for PBXNativeTarget "BluebloodsUITests" */;
			buildPhases = (
				B380387D1E64C60C919AA206 /* [CP] Check Pods Manifest.lock */,
				3AE806DB22F415000000921F /* Sources */,
				3AE806DC22F415000000921F /* Frameworks */,
				3AE806DD22F415000000921F /* Resources */,
			);
			buildRules = (
			);
			dependencies = (
				3AE806E122F415000000921F /* PBXTargetDependency */,
			);
			name = BluebloodsUITests;
			productName = BluebloodsUITests;
			productReference = 3AE806DF22F415000000921F /* BluebloodsUITests.xctest */;
			productType = "com.apple.product-type.bundle.ui-testing";
		};
/* End PBXNativeTarget section */

/* Begin PBXProject section */
		3AE806B622F414FE0000921F /* Project object */ = {
			isa = PBXProject;
			attributes = {
				LastSwiftUpdateCheck = 1020;
				LastUpgradeCheck = 1020;
				ORGANIZATIONNAME = Bluebloods;
				TargetAttributes = {
					3AE806BD22F414FE0000921F = {
						CreatedOnToolsVersion = 10.2;
					};
					3AE806D322F415000000921F = {
						CreatedOnToolsVersion = 10.2;
						TestTargetID = 3AE806BD22F414FE0000921F;
					};
					3AE806DE22F415000000921F = {
						CreatedOnToolsVersion = 10.2;
						TestTargetID = 3AE806BD22F414FE0000921F;
					};
				};
			};
			buildConfigurationList = 3AE806B922F414FE0000921F /* Build configuration list for PBXProject "Bluebloods" */;
			compatibilityVersion = "Xcode 9.3";
			developmentRegion = en;
			hasScannedForEncodings = 0;
			knownRegions = (
				en,
				Base,
			);
			mainGroup = 3AE806B522F414FE0000921F;
			productRefGroup = 3AE806BF22F414FE0000921F /* Products */;
			projectDirPath = "";
			projectRoot = "";
			targets = (
				3AE806BD22F414FE0000921F /* Bluebloods */,
				3AE806D322F415000000921F /* BluebloodsTests */,
				3AE806DE22F415000000921F /* BluebloodsUITests */,
			);
		};
/* End PBXProject section */

/* Begin PBXResourcesBuildPhase section */
		3AE806BC22F414FE0000921F /* Resources */ = {
			isa = PBXResourcesBuildPhase;
			buildActionMask = 2147483647;
			files = (
				3AE806CE22F415000000921F /* LaunchScreen.storyboard in Resources */,
				3A2C8BB72302C75300CD5911 /* CircularStd-BookItalic.otf in Resources */,
				3A2C8BB42302C74B00CD5911 /* CircularStd-Bold.otf in Resources */,
				3AE806CB22F415000000921F /* Assets.xcassets in Resources */,
				3A2C8BB92302C75800CD5911 /* CircularStd-MediumItalic.otf in Resources */,
				3A2C8BB62302C75100CD5911 /* CircularStd-Book.otf in Resources */,
				3A2C8BB82302C75600CD5911 /* CircularStd-Medium.otf in Resources */,
				3A2C8BB22302C6BD00CD5911 /* CircularStd-Black.otf in Resources */,
				3AE806C922F414FE0000921F /* Main.storyboard in Resources */,
				3A2C8BB32302C74800CD5911 /* CircularStd-BlackItalic.otf in Resources */,
				3A2C8BB52302C74E00CD5911 /* CircularStd-BoldItalic.otf in Resources */,
			);
			runOnlyForDeploymentPostprocessing = 0;
		};
		3AE806D222F415000000921F /* Resources */ = {
			isa = PBXResourcesBuildPhase;
			buildActionMask = 2147483647;
			files = (
			);
			runOnlyForDeploymentPostprocessing = 0;
		};
		3AE806DD22F415000000921F /* Resources */ = {
			isa = PBXResourcesBuildPhase;
			buildActionMask = 2147483647;
			files = (
			);
			runOnlyForDeploymentPostprocessing = 0;
		};
/* End PBXResourcesBuildPhase section */

/* Begin PBXShellScriptBuildPhase section */
		02C92CF469828D0A758FECDF /* [CP] Embed Pods Frameworks */ = {
			isa = PBXShellScriptBuildPhase;
			buildActionMask = 2147483647;
			files = (
			);
			inputFileListPaths = (
			);
			inputPaths = (
				"${PODS_ROOT}/Target Support Files/Pods-Bluebloods/Pods-Bluebloods-frameworks.sh",
				"${BUILT_PRODUCTS_DIR}/AAViewAnimator/AAViewAnimator.framework",
				"${BUILT_PRODUCTS_DIR}/Alamofire/Alamofire.framework",
				"${BUILT_PRODUCTS_DIR}/LinearProgressBar/LinearProgressBar.framework",
				"${BUILT_PRODUCTS_DIR}/MSAL/MSAL.framework",
				"${BUILT_PRODUCTS_DIR}/MarqueeLabel/MarqueeLabel.framework",
				"${BUILT_PRODUCTS_DIR}/NVActivityIndicatorView/NVActivityIndicatorView.framework",
				"${BUILT_PRODUCTS_DIR}/NotificationBannerSwift/NotificationBannerSwift.framework",
				"${BUILT_PRODUCTS_DIR}/Realm/Realm.framework",
				"${BUILT_PRODUCTS_DIR}/RealmSwift/RealmSwift.framework",
				"${BUILT_PRODUCTS_DIR}/SDWebImage/SDWebImage.framework",
				"${BUILT_PRODUCTS_DIR}/SnapKit/SnapKit.framework",
				"${BUILT_PRODUCTS_DIR}/SwiftyJSON/SwiftyJSON.framework",
			);
			name = "[CP] Embed Pods Frameworks";
			outputFileListPaths = (
			);
			outputPaths = (
				"${TARGET_BUILD_DIR}/${FRAMEWORKS_FOLDER_PATH}/AAViewAnimator.framework",
				"${TARGET_BUILD_DIR}/${FRAMEWORKS_FOLDER_PATH}/Alamofire.framework",
				"${TARGET_BUILD_DIR}/${FRAMEWORKS_FOLDER_PATH}/LinearProgressBar.framework",
				"${TARGET_BUILD_DIR}/${FRAMEWORKS_FOLDER_PATH}/MSAL.framework",
				"${TARGET_BUILD_DIR}/${FRAMEWORKS_FOLDER_PATH}/MarqueeLabel.framework",
				"${TARGET_BUILD_DIR}/${FRAMEWORKS_FOLDER_PATH}/NVActivityIndicatorView.framework",
				"${TARGET_BUILD_DIR}/${FRAMEWORKS_FOLDER_PATH}/NotificationBannerSwift.framework",
				"${TARGET_BUILD_DIR}/${FRAMEWORKS_FOLDER_PATH}/Realm.framework",
				"${TARGET_BUILD_DIR}/${FRAMEWORKS_FOLDER_PATH}/RealmSwift.framework",
				"${TARGET_BUILD_DIR}/${FRAMEWORKS_FOLDER_PATH}/SDWebImage.framework",
				"${TARGET_BUILD_DIR}/${FRAMEWORKS_FOLDER_PATH}/SnapKit.framework",
				"${TARGET_BUILD_DIR}/${FRAMEWORKS_FOLDER_PATH}/SwiftyJSON.framework",
			);
			runOnlyForDeploymentPostprocessing = 0;
			shellPath = /bin/sh;
			shellScript = "\"${PODS_ROOT}/Target Support Files/Pods-Bluebloods/Pods-Bluebloods-frameworks.sh\"\n";
			showEnvVarsInLog = 0;
		};
		A515B4CF5CA7D9F0FBFAFF6C /* [CP] Check Pods Manifest.lock */ = {
			isa = PBXShellScriptBuildPhase;
			buildActionMask = 2147483647;
			files = (
			);
			inputFileListPaths = (
			);
			inputPaths = (
				"${PODS_PODFILE_DIR_PATH}/Podfile.lock",
				"${PODS_ROOT}/Manifest.lock",
			);
			name = "[CP] Check Pods Manifest.lock";
			outputFileListPaths = (
			);
			outputPaths = (
				"$(DERIVED_FILE_DIR)/Pods-BluebloodsTests-checkManifestLockResult.txt",
			);
			runOnlyForDeploymentPostprocessing = 0;
			shellPath = /bin/sh;
			shellScript = "diff \"${PODS_PODFILE_DIR_PATH}/Podfile.lock\" \"${PODS_ROOT}/Manifest.lock\" > /dev/null\nif [ $? != 0 ] ; then\n    # print error to STDERR\n    echo \"error: The sandbox is not in sync with the Podfile.lock. Run 'pod install' or update your CocoaPods installation.\" >&2\n    exit 1\nfi\n# This output is used by Xcode 'outputs' to avoid re-running this script phase.\necho \"SUCCESS\" > \"${SCRIPT_OUTPUT_FILE_0}\"\n";
			showEnvVarsInLog = 0;
		};
		B380387D1E64C60C919AA206 /* [CP] Check Pods Manifest.lock */ = {
			isa = PBXShellScriptBuildPhase;
			buildActionMask = 2147483647;
			files = (
			);
			inputFileListPaths = (
			);
			inputPaths = (
				"${PODS_PODFILE_DIR_PATH}/Podfile.lock",
				"${PODS_ROOT}/Manifest.lock",
			);
			name = "[CP] Check Pods Manifest.lock";
			outputFileListPaths = (
			);
			outputPaths = (
				"$(DERIVED_FILE_DIR)/Pods-BluebloodsUITests-checkManifestLockResult.txt",
			);
			runOnlyForDeploymentPostprocessing = 0;
			shellPath = /bin/sh;
			shellScript = "diff \"${PODS_PODFILE_DIR_PATH}/Podfile.lock\" \"${PODS_ROOT}/Manifest.lock\" > /dev/null\nif [ $? != 0 ] ; then\n    # print error to STDERR\n    echo \"error: The sandbox is not in sync with the Podfile.lock. Run 'pod install' or update your CocoaPods installation.\" >&2\n    exit 1\nfi\n# This output is used by Xcode 'outputs' to avoid re-running this script phase.\necho \"SUCCESS\" > \"${SCRIPT_OUTPUT_FILE_0}\"\n";
			showEnvVarsInLog = 0;
		};
		BC2C7F8B5E295F86988869C8 /* [CP] Check Pods Manifest.lock */ = {
			isa = PBXShellScriptBuildPhase;
			buildActionMask = 2147483647;
			files = (
			);
			inputFileListPaths = (
			);
			inputPaths = (
				"${PODS_PODFILE_DIR_PATH}/Podfile.lock",
				"${PODS_ROOT}/Manifest.lock",
			);
			name = "[CP] Check Pods Manifest.lock";
			outputFileListPaths = (
			);
			outputPaths = (
				"$(DERIVED_FILE_DIR)/Pods-Bluebloods-checkManifestLockResult.txt",
			);
			runOnlyForDeploymentPostprocessing = 0;
			shellPath = /bin/sh;
			shellScript = "diff \"${PODS_PODFILE_DIR_PATH}/Podfile.lock\" \"${PODS_ROOT}/Manifest.lock\" > /dev/null\nif [ $? != 0 ] ; then\n    # print error to STDERR\n    echo \"error: The sandbox is not in sync with the Podfile.lock. Run 'pod install' or update your CocoaPods installation.\" >&2\n    exit 1\nfi\n# This output is used by Xcode 'outputs' to avoid re-running this script phase.\necho \"SUCCESS\" > \"${SCRIPT_OUTPUT_FILE_0}\"\n";
			showEnvVarsInLog = 0;
		};
/* End PBXShellScriptBuildPhase section */

/* Begin PBXSourcesBuildPhase section */
		3AE806BA22F414FE0000921F /* Sources */ = {
			isa = PBXSourcesBuildPhase;
			buildActionMask = 2147483647;
			files = (
				3AE806F722F429C80000921F /* UserNavigator.swift in Sources */,
				3A2C8BA8230289EC00CD5911 /* DashbordPointsCell.swift in Sources */,
				3AE806C622F414FE0000921F /* InfoViewControler.swift in Sources */,
				3AE806F522F429020000921F /* AppNavigator.swift in Sources */,
				3AB57BB02313B30A00879421 /* ResponseSwift.swift in Sources */,
				3AE806C222F414FE0000921F /* AppDelegate.swift in Sources */,
				3A45013622FD48B000F07927 /* AuthenticationViewController.swift in Sources */,
				3AEE2B8C22FAD2D500C2E8D0 /* LeaderBoard.swift in Sources */,
				3AE806F322F426FD0000921F /* Switcher.swift in Sources */,
				3AE806C422F414FE0000921F /* FirstViewController.swift in Sources */,
				3AB57BA92313A4AC00879421 /* UserLoginViewControler.swift in Sources */,
				3AEE2B8A22FA9EBC00C2E8D0 /* ContactUs.swift in Sources */,
				3AB57BAE2313B2BC00879421 /* RestClient.swift in Sources */,
				3A45013322FD3ED600F07927 /* LeaderBordIndividualCell.swift in Sources */,
				3A2C8BBB2302CC0D00CD5911 /* DashbordBonuASPCell.swift in Sources */,
				3AB57BAB2313B10B00879421 /* URLConstants.swift in Sources */,
				3A1B1E2722F83F8200A63F50 /* ColourManager.swift in Sources */,
				3A45013122FD350900F07927 /* LeaderBordStoreCell.swift in Sources */,
			);
			runOnlyForDeploymentPostprocessing = 0;
		};
		3AE806D022F415000000921F /* Sources */ = {
			isa = PBXSourcesBuildPhase;
			buildActionMask = 2147483647;
			files = (
				3AE806D922F415000000921F /* BluebloodsTests.swift in Sources */,
			);
			runOnlyForDeploymentPostprocessing = 0;
		};
		3AE806DB22F415000000921F /* Sources */ = {
			isa = PBXSourcesBuildPhase;
			buildActionMask = 2147483647;
			files = (
				3AE806E422F415000000921F /* BluebloodsUITests.swift in Sources */,
			);
			runOnlyForDeploymentPostprocessing = 0;
		};
/* End PBXSourcesBuildPhase section */

/* Begin PBXTargetDependency section */
		3AE806D622F415000000921F /* PBXTargetDependency */ = {
			isa = PBXTargetDependency;
			target = 3AE806BD22F414FE0000921F /* Bluebloods */;
			targetProxy = 3AE806D522F415000000921F /* PBXContainerItemProxy */;
		};
		3AE806E122F415000000921F /* PBXTargetDependency */ = {
			isa = PBXTargetDependency;
			target = 3AE806BD22F414FE0000921F /* Bluebloods */;
			targetProxy = 3AE806E022F415000000921F /* PBXContainerItemProxy */;
		};
/* End PBXTargetDependency section */

/* Begin PBXVariantGroup section */
		3AE806C722F414FE0000921F /* Main.storyboard */ = {
			isa = PBXVariantGroup;
			children = (
				3AE806C822F414FE0000921F /* Base */,
			);
			name = Main.storyboard;
			sourceTree = "<group>";
		};
		3AE806CC22F415000000921F /* LaunchScreen.storyboard */ = {
			isa = PBXVariantGroup;
			children = (
				3AE806CD22F415000000921F /* Base */,
			);
			name = LaunchScreen.storyboard;
			sourceTree = "<group>";
		};
/* End PBXVariantGroup section */

/* Begin XCBuildConfiguration section */
		3AE806E622F415000000921F /* Debug */ = {
			isa = XCBuildConfiguration;
			buildSettings = {
				ALWAYS_SEARCH_USER_PATHS = NO;
				CLANG_ANALYZER_NONNULL = YES;
				CLANG_ANALYZER_NUMBER_OBJECT_CONVERSION = YES_AGGRESSIVE;
				CLANG_CXX_LANGUAGE_STANDARD = "gnu++14";
				CLANG_CXX_LIBRARY = "libc++";
				CLANG_ENABLE_MODULES = YES;
				CLANG_ENABLE_OBJC_ARC = YES;
				CLANG_ENABLE_OBJC_WEAK = YES;
				CLANG_WARN_BLOCK_CAPTURE_AUTORELEASING = YES;
				CLANG_WARN_BOOL_CONVERSION = YES;
				CLANG_WARN_COMMA = YES;
				CLANG_WARN_CONSTANT_CONVERSION = YES;
				CLANG_WARN_DEPRECATED_OBJC_IMPLEMENTATIONS = YES;
				CLANG_WARN_DIRECT_OBJC_ISA_USAGE = YES_ERROR;
				CLANG_WARN_DOCUMENTATION_COMMENTS = YES;
				CLANG_WARN_EMPTY_BODY = YES;
				CLANG_WARN_ENUM_CONVERSION = YES;
				CLANG_WARN_INFINITE_RECURSION = YES;
				CLANG_WARN_INT_CONVERSION = YES;
				CLANG_WARN_NON_LITERAL_NULL_CONVERSION = YES;
				CLANG_WARN_OBJC_IMPLICIT_RETAIN_SELF = YES;
				CLANG_WARN_OBJC_LITERAL_CONVERSION = YES;
				CLANG_WARN_OBJC_ROOT_CLASS = YES_ERROR;
				CLANG_WARN_RANGE_LOOP_ANALYSIS = YES;
				CLANG_WARN_STRICT_PROTOTYPES = YES;
				CLANG_WARN_SUSPICIOUS_MOVE = YES;
				CLANG_WARN_UNGUARDED_AVAILABILITY = YES_AGGRESSIVE;
				CLANG_WARN_UNREACHABLE_CODE = YES;
				CLANG_WARN__DUPLICATE_METHOD_MATCH = YES;
				CODE_SIGN_IDENTITY = "iPhone Developer";
				COPY_PHASE_STRIP = NO;
				DEBUG_INFORMATION_FORMAT = dwarf;
				ENABLE_STRICT_OBJC_MSGSEND = YES;
				ENABLE_TESTABILITY = YES;
				GCC_C_LANGUAGE_STANDARD = gnu11;
				GCC_DYNAMIC_NO_PIC = NO;
				GCC_NO_COMMON_BLOCKS = YES;
				GCC_OPTIMIZATION_LEVEL = 0;
				GCC_PREPROCESSOR_DEFINITIONS = (
					"DEBUG=1",
					"$(inherited)",
				);
				GCC_WARN_64_TO_32_BIT_CONVERSION = YES;
				GCC_WARN_ABOUT_RETURN_TYPE = YES_ERROR;
				GCC_WARN_UNDECLARED_SELECTOR = YES;
				GCC_WARN_UNINITIALIZED_AUTOS = YES_AGGRESSIVE;
				GCC_WARN_UNUSED_FUNCTION = YES;
				GCC_WARN_UNUSED_VARIABLE = YES;
				IPHONEOS_DEPLOYMENT_TARGET = 12.2;
				MTL_ENABLE_DEBUG_INFO = INCLUDE_SOURCE;
				MTL_FAST_MATH = YES;
				ONLY_ACTIVE_ARCH = YES;
				SDKROOT = iphoneos;
				SWIFT_ACTIVE_COMPILATION_CONDITIONS = DEBUG;
				SWIFT_OPTIMIZATION_LEVEL = "-Onone";
			};
			name = Debug;
		};
		3AE806E722F415000000921F /* Release */ = {
			isa = XCBuildConfiguration;
			buildSettings = {
				ALWAYS_SEARCH_USER_PATHS = NO;
				CLANG_ANALYZER_NONNULL = YES;
				CLANG_ANALYZER_NUMBER_OBJECT_CONVERSION = YES_AGGRESSIVE;
				CLANG_CXX_LANGUAGE_STANDARD = "gnu++14";
				CLANG_CXX_LIBRARY = "libc++";
				CLANG_ENABLE_MODULES = YES;
				CLANG_ENABLE_OBJC_ARC = YES;
				CLANG_ENABLE_OBJC_WEAK = YES;
				CLANG_WARN_BLOCK_CAPTURE_AUTORELEASING = YES;
				CLANG_WARN_BOOL_CONVERSION = YES;
				CLANG_WARN_COMMA = YES;
				CLANG_WARN_CONSTANT_CONVERSION = YES;
				CLANG_WARN_DEPRECATED_OBJC_IMPLEMENTATIONS = YES;
				CLANG_WARN_DIRECT_OBJC_ISA_USAGE = YES_ERROR;
				CLANG_WARN_DOCUMENTATION_COMMENTS = YES;
				CLANG_WARN_EMPTY_BODY = YES;
				CLANG_WARN_ENUM_CONVERSION = YES;
				CLANG_WARN_INFINITE_RECURSION = YES;
				CLANG_WARN_INT_CONVERSION = YES;
				CLANG_WARN_NON_LITERAL_NULL_CONVERSION = YES;
				CLANG_WARN_OBJC_IMPLICIT_RETAIN_SELF = YES;
				CLANG_WARN_OBJC_LITERAL_CONVERSION = YES;
				CLANG_WARN_OBJC_ROOT_CLASS = YES_ERROR;
				CLANG_WARN_RANGE_LOOP_ANALYSIS = YES;
				CLANG_WARN_STRICT_PROTOTYPES = YES;
				CLANG_WARN_SUSPICIOUS_MOVE = YES;
				CLANG_WARN_UNGUARDED_AVAILABILITY = YES_AGGRESSIVE;
				CLANG_WARN_UNREACHABLE_CODE = YES;
				CLANG_WARN__DUPLICATE_METHOD_MATCH = YES;
				CODE_SIGN_IDENTITY = "iPhone Developer";
				COPY_PHASE_STRIP = NO;
				DEBUG_INFORMATION_FORMAT = "dwarf-with-dsym";
				ENABLE_NS_ASSERTIONS = NO;
				ENABLE_STRICT_OBJC_MSGSEND = YES;
				GCC_C_LANGUAGE_STANDARD = gnu11;
				GCC_NO_COMMON_BLOCKS = YES;
				GCC_WARN_64_TO_32_BIT_CONVERSION = YES;
				GCC_WARN_ABOUT_RETURN_TYPE = YES_ERROR;
				GCC_WARN_UNDECLARED_SELECTOR = YES;
				GCC_WARN_UNINITIALIZED_AUTOS = YES_AGGRESSIVE;
				GCC_WARN_UNUSED_FUNCTION = YES;
				GCC_WARN_UNUSED_VARIABLE = YES;
				IPHONEOS_DEPLOYMENT_TARGET = 12.2;
				MTL_ENABLE_DEBUG_INFO = NO;
				MTL_FAST_MATH = YES;
				SDKROOT = iphoneos;
				SWIFT_COMPILATION_MODE = wholemodule;
				SWIFT_OPTIMIZATION_LEVEL = "-O";
				VALIDATE_PRODUCT = YES;
			};
			name = Release;
		};
		3AE806E922F415000000921F /* Debug */ = {
			isa = XCBuildConfiguration;
			baseConfigurationReference = 058BEF29D77A0161593D8BBE /* Pods-Bluebloods.debug.xcconfig */;
			buildSettings = {
				ASSETCATALOG_COMPILER_APPICON_NAME = AppIcon;
				CODE_SIGN_STYLE = Automatic;
				DEVELOPMENT_TEAM = 6W49AKL4C3;
				INFOPLIST_FILE = Bluebloods/Info.plist;
				LD_RUNPATH_SEARCH_PATHS = (
					"$(inherited)",
					"@executable_path/Frameworks",
				);
				PRODUCT_BUNDLE_IDENTIFIER = com.titanit.bluebloods.Bluebloods;
				PRODUCT_NAME = "$(TARGET_NAME)";
				SWIFT_VERSION = 5.0;
				TARGETED_DEVICE_FAMILY = 1;
			};
			name = Debug;
		};
		3AE806EA22F415000000921F /* Release */ = {
			isa = XCBuildConfiguration;
			baseConfigurationReference = D28B9E91F001D2C0194F5D70 /* Pods-Bluebloods.release.xcconfig */;
			buildSettings = {
				ASSETCATALOG_COMPILER_APPICON_NAME = AppIcon;
				CODE_SIGN_STYLE = Automatic;
				DEVELOPMENT_TEAM = 6W49AKL4C3;
				INFOPLIST_FILE = Bluebloods/Info.plist;
				LD_RUNPATH_SEARCH_PATHS = (
					"$(inherited)",
					"@executable_path/Frameworks",
				);
				PRODUCT_BUNDLE_IDENTIFIER = com.titanit.bluebloods.Bluebloods;
				PRODUCT_NAME = "$(TARGET_NAME)";
				SWIFT_VERSION = 5.0;
				TARGETED_DEVICE_FAMILY = 1;
			};
			name = Release;
		};
		3AE806EC22F415000000921F /* Debug */ = {
			isa = XCBuildConfiguration;
			baseConfigurationReference = A3A9DE4B3C1B6EABC462EFE9 /* Pods-BluebloodsTests.debug.xcconfig */;
			buildSettings = {
				ALWAYS_EMBED_SWIFT_STANDARD_LIBRARIES = YES;
				BUNDLE_LOADER = "$(TEST_HOST)";
				CODE_SIGN_STYLE = Automatic;
				INFOPLIST_FILE = BluebloodsTests/Info.plist;
				LD_RUNPATH_SEARCH_PATHS = (
					"$(inherited)",
					"@executable_path/Frameworks",
					"@loader_path/Frameworks",
				);
				PRODUCT_BUNDLE_IDENTIFIER = com.titanit.bluebloods.BluebloodsTests;
				PRODUCT_NAME = "$(TARGET_NAME)";
				SWIFT_VERSION = 5.0;
				TARGETED_DEVICE_FAMILY = "1,2";
				TEST_HOST = "$(BUILT_PRODUCTS_DIR)/Bluebloods.app/Bluebloods";
			};
			name = Debug;
		};
		3AE806ED22F415000000921F /* Release */ = {
			isa = XCBuildConfiguration;
			baseConfigurationReference = 38F478B61721D2F58D416BA6 /* Pods-BluebloodsTests.release.xcconfig */;
			buildSettings = {
				ALWAYS_EMBED_SWIFT_STANDARD_LIBRARIES = YES;
				BUNDLE_LOADER = "$(TEST_HOST)";
				CODE_SIGN_STYLE = Automatic;
				INFOPLIST_FILE = BluebloodsTests/Info.plist;
				LD_RUNPATH_SEARCH_PATHS = (
					"$(inherited)",
					"@executable_path/Frameworks",
					"@loader_path/Frameworks",
				);
				PRODUCT_BUNDLE_IDENTIFIER = com.titanit.bluebloods.BluebloodsTests;
				PRODUCT_NAME = "$(TARGET_NAME)";
				SWIFT_VERSION = 5.0;
				TARGETED_DEVICE_FAMILY = "1,2";
				TEST_HOST = "$(BUILT_PRODUCTS_DIR)/Bluebloods.app/Bluebloods";
			};
			name = Release;
		};
		3AE806EF22F415000000921F /* Debug */ = {
			isa = XCBuildConfiguration;
			baseConfigurationReference = 6127B0B69F00C5C9D04CE5D3 /* Pods-BluebloodsUITests.debug.xcconfig */;
			buildSettings = {
				ALWAYS_EMBED_SWIFT_STANDARD_LIBRARIES = YES;
				CODE_SIGN_STYLE = Automatic;
				INFOPLIST_FILE = BluebloodsUITests/Info.plist;
				LD_RUNPATH_SEARCH_PATHS = (
					"$(inherited)",
					"@executable_path/Frameworks",
					"@loader_path/Frameworks",
				);
				PRODUCT_BUNDLE_IDENTIFIER = com.titanit.bluebloods.BluebloodsUITests;
				PRODUCT_NAME = "$(TARGET_NAME)";
				SWIFT_VERSION = 5.0;
				TARGETED_DEVICE_FAMILY = "1,2";
				TEST_TARGET_NAME = Bluebloods;
			};
			name = Debug;
		};
		3AE806F022F415000000921F /* Release */ = {
			isa = XCBuildConfiguration;
			baseConfigurationReference = 1185BA0613B5F397E2440457 /* Pods-BluebloodsUITests.release.xcconfig */;
			buildSettings = {
				ALWAYS_EMBED_SWIFT_STANDARD_LIBRARIES = YES;
				CODE_SIGN_STYLE = Automatic;
				INFOPLIST_FILE = BluebloodsUITests/Info.plist;
				LD_RUNPATH_SEARCH_PATHS = (
					"$(inherited)",
					"@executable_path/Frameworks",
					"@loader_path/Frameworks",
				);
				PRODUCT_BUNDLE_IDENTIFIER = com.titanit.bluebloods.BluebloodsUITests;
				PRODUCT_NAME = "$(TARGET_NAME)";
				SWIFT_VERSION = 5.0;
				TARGETED_DEVICE_FAMILY = "1,2";
				TEST_TARGET_NAME = Bluebloods;
			};
			name = Release;
		};
/* End XCBuildConfiguration section */

/* Begin XCConfigurationList section */
		3AE806B922F414FE0000921F /* Build configuration list for PBXProject "Bluebloods" */ = {
			isa = XCConfigurationList;
			buildConfigurations = (
				3AE806E622F415000000921F /* Debug */,
				3AE806E722F415000000921F /* Release */,
			);
			defaultConfigurationIsVisible = 0;
			defaultConfigurationName = Release;
		};
		3AE806E822F415000000921F /* Build configuration list for PBXNativeTarget "Bluebloods" */ = {
			isa = XCConfigurationList;
			buildConfigurations = (
				3AE806E922F415000000921F /* Debug */,
				3AE806EA22F415000000921F /* Release */,
			);
			defaultConfigurationIsVisible = 0;
			defaultConfigurationName = Release;
		};
		3AE806EB22F415000000921F /* Build configuration list for PBXNativeTarget "BluebloodsTests" */ = {
			isa = XCConfigurationList;
			buildConfigurations = (
				3AE806EC22F415000000921F /* Debug */,
				3AE806ED22F415000000921F /* Release */,
			);
			defaultConfigurationIsVisible = 0;
			defaultConfigurationName = Release;
		};
		3AE806EE22F415000000921F /* Build configuration list for PBXNativeTarget "BluebloodsUITests" */ = {
			isa = XCConfigurationList;
			buildConfigurations = (
				3AE806EF22F415000000921F /* Debug */,
				3AE806F022F415000000921F /* Release */,
			);
			defaultConfigurationIsVisible = 0;
			defaultConfigurationName = Release;
		};
/* End XCConfigurationList section */
	};
	rootObject = 3AE806B622F414FE0000921F /* Project object */;
}
